{
  "version": 4,
  "terraform_version": "1.2.3",
  "serial": 21,
  "lineage": "09357dd1-b395-ee88-6958-2c8990fb62c6",
  "outputs": {},
  "resources": [
    {
      "module": "module.acr",
      "mode": "managed",
      "type": "azurerm_container_registry",
      "name": "myacr",
      "provider": "provider[\"registry.terraform.io/hashicorp/azurerm\"]",
      "instances": [
        {
          "schema_version": 2,
          "attributes": {
            "admin_enabled": false,
            "admin_password": "",
            "admin_username": "",
            "anonymous_pull_enabled": false,
            "data_endpoint_enabled": false,
            "encryption": [
              {
                "enabled": false,
                "identity_client_id": "",
                "key_vault_key_id": ""
              }
            ],
            "export_policy_enabled": true,
            "georeplications": [],
            "id": "/subscriptions/46b722da-1a2e-43da-a28e-95a52c21a5ed/resourceGroups/myPlanForEPAM/providers/Microsoft.ContainerRegistry/registries/epamlearnregistry",
            "identity": [],
            "location": "westeurope",
            "login_server": "epamlearnregistry.azurecr.io",
            "name": "epamlearnregistry",
            "network_rule_bypass_option": "AzureServices",
            "network_rule_set": [],
            "public_network_access_enabled": true,
            "quarantine_policy_enabled": false,
            "resource_group_name": "myPlanForEPAM",
            "retention_policy": [
              {
                "days": 7,
                "enabled": false
              }
            ],
            "sku": "Standard",
            "tags": null,
            "timeouts": null,
            "trust_policy": [
              {
                "enabled": false
              }
            ],
            "zone_redundancy_enabled": false
          },
          "sensitive_attributes": [],
          "private": "eyJlMmJmYjczMC1lY2FhLTExZTYtOGY4OC0zNDM2M2JjN2M0YzAiOnsiY3JlYXRlIjoxODAwMDAwMDAwMDAwLCJkZWxldGUiOjE4MDAwMDAwMDAwMDAsInJlYWQiOjMwMDAwMDAwMDAwMCwidXBkYXRlIjoxODAwMDAwMDAwMDAwfSwic2NoZW1hX3ZlcnNpb24iOiIyIn0=",
          "dependencies": [
            "module.resource_group.azurerm_resource_group.myresgroup"
          ]
        }
      ]
    },
    {
      "module": "module.appsvc",
      "mode": "managed",
      "type": "azurerm_linux_web_app",
      "name": "myapp",
      "provider": "provider[\"registry.terraform.io/hashicorp/azurerm\"]",
      "instances": [
        {
          "schema_version": 0,
          "attributes": {
            "app_settings": null,
            "auth_settings": [
              {
                "active_directory": [],
                "additional_login_parameters": {},
                "allowed_external_redirect_urls": [],
                "default_provider": "",
                "enabled": false,
                "facebook": [],
                "github": [],
                "google": [],
                "issuer": "",
                "microsoft": [],
                "runtime_version": "",
                "token_refresh_extension_hours": 0,
                "token_store_enabled": false,
                "twitter": [],
                "unauthenticated_client_action": ""
              }
            ],
            "backup": [],
            "client_affinity_enabled": false,
            "client_certificate_enabled": false,
            "client_certificate_mode": "Required",
            "connection_string": [],
            "custom_domain_verification_id": "BB7562343A7E6AB33FB87B00EEF3BB546042DA8043F51DAAB9CBED78D96D6D77",
            "default_hostname": "epamlearnappsvc.azurewebsites.net",
            "enabled": true,
            "https_only": false,
            "id": "/subscriptions/46b722da-1a2e-43da-a28e-95a52c21a5ed/resourceGroups/myPlanForEPAM/providers/Microsoft.Web/sites/epamlearnappsvc",
            "identity": [
              {
                "identity_ids": [
                  "/subscriptions/46b722da-1a2e-43da-a28e-95a52c21a5ed/resourceGroups/myPlanForEPAM/providers/Microsoft.ManagedIdentity/userAssignedIdentities/registry-uai"
                ],
                "principal_id": "",
                "tenant_id": "",
                "type": "UserAssigned"
              }
            ],
            "key_vault_reference_identity_id": "SystemAssigned",
            "kind": "app,linux",
            "location": "westeurope",
            "logs": [],
            "name": "epamlearnappsvc",
            "outbound_ip_address_list": [
              "20.126.176.160",
              "20.73.120.190",
              "20.103.95.218",
              "20.126.160.200",
              "20.126.162.118",
              "20.126.163.178",
              "20.105.216.11"
            ],
            "outbound_ip_addresses": "20.126.176.160,20.73.120.190,20.103.95.218,20.126.160.200,20.126.162.118,20.126.163.178,20.105.216.11",
            "possible_outbound_ip_address_list": [
              "20.126.176.160",
              "20.73.120.190",
              "20.103.95.218",
              "20.126.160.200",
              "20.126.162.118",
              "20.126.163.178",
              "20.126.164.227",
              "20.126.165.12",
              "20.126.165.230",
              "20.126.166.8",
              "20.126.166.76",
              "20.126.167.27",
              "20.126.167.95",
              "20.126.167.131",
              "20.31.80.11",
              "20.31.80.35",
              "20.31.80.105",
              "20.31.80.184",
              "20.31.81.16",
              "20.31.82.43",
              "20.31.82.101",
              "20.126.162.200",
              "20.126.163.83",
              "20.126.163.123",
              "20.105.216.11"
            ],
            "possible_outbound_ip_addresses": "20.126.176.160,20.73.120.190,20.103.95.218,20.126.160.200,20.126.162.118,20.126.163.178,20.126.164.227,20.126.165.12,20.126.165.230,20.126.166.8,20.126.166.76,20.126.167.27,20.126.167.95,20.126.167.131,20.31.80.11,20.31.80.35,20.31.80.105,20.31.80.184,20.31.81.16,20.31.82.43,20.31.82.101,20.126.162.200,20.126.163.83,20.126.163.123,20.105.216.11",
            "resource_group_name": "myPlanForEPAM",
            "service_plan_id": "/subscriptions/46b722da-1a2e-43da-a28e-95a52c21a5ed/resourceGroups/myPlanForEPAM/providers/Microsoft.Web/serverfarms/epamlearnappsvcplan",
            "site_config": [
              {
                "always_on": false,
                "api_definition_url": "",
                "api_management_api_id": "",
                "app_command_line": "",
                "application_stack": [
                  {
                    "docker_image": "",
                    "docker_image_tag": "",
                    "dotnet_version": "",
                    "java_server": "",
                    "java_server_version": "",
                    "java_version": "",
                    "node_version": "",
                    "php_version": "",
                    "python_version": "",
                    "ruby_version": ""
                  }
                ],
                "auto_heal_enabled": false,
                "auto_heal_setting": [],
                "container_registry_managed_identity_client_id": "",
                "container_registry_use_managed_identity": false,
                "cors": [],
                "default_documents": [
                  "Default.htm",
                  "Default.html",
                  "Default.asp",
                  "index.htm",
                  "index.html",
                  "iisstart.htm",
                  "default.aspx",
                  "index.php",
                  "hostingstart.html"
                ],
                "detailed_error_logging_enabled": false,
                "ftps_state": "Disabled",
                "health_check_eviction_time_in_min": 0,
                "health_check_path": "",
                "http2_enabled": false,
                "ip_restriction": [],
                "linux_fx_version": "",
                "load_balancing_mode": "LeastRequests",
                "local_mysql_enabled": false,
                "managed_pipeline_mode": "Integrated",
                "minimum_tls_version": "1.2",
                "remote_debugging_enabled": false,
                "remote_debugging_version": "VS2019",
                "scm_ip_restriction": [],
                "scm_minimum_tls_version": "1.2",
                "scm_type": "None",
                "scm_use_main_ip_restriction": false,
                "use_32_bit_worker": true,
                "vnet_route_all_enabled": false,
                "websockets_enabled": false,
                "worker_count": 1
              }
            ],
            "site_credential": [
              {
                "name": "$epamlearnappsvc",
                "password": "X9Kr5Cg3wF1DdZFM4eRS17e69FnbStyqdPhsTiqupPnMo2F5ZW9YeJMTCxkt"
              }
            ],
            "sticky_settings": [],
            "storage_account": [],
            "tags": null,
            "timeouts": null,
            "virtual_network_subnet_id": "",
            "zip_deploy_file": ""
          },
          "sensitive_attributes": [],
          "private": "eyJlMmJmYjczMC1lY2FhLTExZTYtOGY4OC0zNDM2M2JjN2M0YzAiOnsiY3JlYXRlIjoxODAwMDAwMDAwMDAwLCJkZWxldGUiOjE4MDAwMDAwMDAwMDAsInJlYWQiOjMwMDAwMDAwMDAwMCwidXBkYXRlIjoxODAwMDAwMDAwMDAwfX0=",
          "dependencies": [
            "module.appsvc.azurerm_service_plan.appsvcplan",
            "module.managedidentity.azurerm_user_assigned_identity.uai",
            "module.resource_group.azurerm_resource_group.myresgroup"
          ]
        }
      ]
    },
    {
      "module": "module.appsvc",
      "mode": "managed",
      "type": "azurerm_service_plan",
      "name": "appsvcplan",
      "provider": "provider[\"registry.terraform.io/hashicorp/azurerm\"]",
      "instances": [
        {
          "schema_version": 0,
          "attributes": {
            "app_service_environment_id": "",
            "id": "/subscriptions/46b722da-1a2e-43da-a28e-95a52c21a5ed/resourceGroups/myPlanForEPAM/providers/Microsoft.Web/serverfarms/epamlearnappsvcplan",
            "kind": "linux",
            "location": "westeurope",
            "maximum_elastic_worker_count": 1,
            "name": "epamlearnappsvcplan",
            "os_type": "Linux",
            "per_site_scaling_enabled": false,
            "reserved": true,
            "resource_group_name": "myPlanForEPAM",
            "sku_name": "F1",
            "tags": null,
            "timeouts": null,
            "worker_count": 1,
            "zone_balancing_enabled": false
          },
          "sensitive_attributes": [],
          "private": "eyJlMmJmYjczMC1lY2FhLTExZTYtOGY4OC0zNDM2M2JjN2M0YzAiOnsiY3JlYXRlIjozNjAwMDAwMDAwMDAwLCJkZWxldGUiOjM2MDAwMDAwMDAwMDAsInJlYWQiOjMwMDAwMDAwMDAwMCwidXBkYXRlIjozNjAwMDAwMDAwMDAwfX0=",
          "dependencies": [
            "module.resource_group.azurerm_resource_group.myresgroup"
          ]
        }
      ]
    },
    {
      "module": "module.managedidentity",
      "mode": "data",
      "type": "azurerm_subscription",
      "name": "primary",
      "provider": "provider[\"registry.terraform.io/hashicorp/azurerm\"]",
      "instances": [
        {
          "schema_version": 0,
          "attributes": {
            "display_name": "Visual Studio Professional Subscription",
            "id": "/subscriptions/46b722da-1a2e-43da-a28e-95a52c21a5ed",
            "location_placement_id": "Public_2014-09-01",
            "quota_id": "MSDN_2014-09-01",
            "spending_limit": "On",
            "state": "Enabled",
            "subscription_id": "46b722da-1a2e-43da-a28e-95a52c21a5ed",
            "tags": {},
            "tenant_id": "b41b72d0-4e9f-4c26-8a69-f949f367c91d",
            "timeouts": null
          },
          "sensitive_attributes": []
        }
      ]
    },
    {
      "module": "module.managedidentity",
      "mode": "managed",
      "type": "azurerm_role_assignment",
      "name": "myrole",
      "provider": "provider[\"registry.terraform.io/hashicorp/azurerm\"]",
      "instances": [
        {
          "schema_version": 0,
          "attributes": {
            "condition": "",
            "condition_version": "",
            "delegated_managed_identity_resource_id": "",
            "description": "",
            "id": "/subscriptions/46b722da-1a2e-43da-a28e-95a52c21a5ed/resourceGroups/myPlanForEPAM/providers/Microsoft.ContainerRegistry/registries/epamlearnregistry/providers/Microsoft.Authorization/roleAssignments/331fdaa7-f761-8468-27eb-38c54f9edc64",
            "name": "331fdaa7-f761-8468-27eb-38c54f9edc64",
            "principal_id": "93ca3e06-53ea-46be-90e2-5855d04f03d7",
            "principal_type": "ServicePrincipal",
            "role_definition_id": "/subscriptions/46b722da-1a2e-43da-a28e-95a52c21a5ed/providers/Microsoft.Authorization/roleDefinitions/b24988ac-6180-42a0-ab88-20f7382dd24c",
            "role_definition_name": "Contributor",
            "scope": "/subscriptions/46b722da-1a2e-43da-a28e-95a52c21a5ed/resourceGroups/myPlanForEPAM/providers/Microsoft.ContainerRegistry/registries/epamlearnregistry",
            "skip_service_principal_aad_check": null,
            "timeouts": null
          },
          "sensitive_attributes": [],
          "private": "eyJlMmJmYjczMC1lY2FhLTExZTYtOGY4OC0zNDM2M2JjN2M0YzAiOnsiY3JlYXRlIjoxODAwMDAwMDAwMDAwLCJkZWxldGUiOjE4MDAwMDAwMDAwMDAsInJlYWQiOjMwMDAwMDAwMDAwMCwidXBkYXRlIjoxODAwMDAwMDAwMDAwfX0=",
          "dependencies": [
            "module.acr.azurerm_container_registry.myacr",
            "module.managedidentity.azurerm_user_assigned_identity.uai",
            "module.resource_group.azurerm_resource_group.myresgroup"
          ]
        }
      ]
    },
    {
      "module": "module.managedidentity",
      "mode": "managed",
      "type": "azurerm_user_assigned_identity",
      "name": "uai",
      "provider": "provider[\"registry.terraform.io/hashicorp/azurerm\"]",
      "instances": [
        {
          "schema_version": 1,
          "attributes": {
            "client_id": "362d2a5b-8069-46c3-9348-e8091cc11655",
            "id": "/subscriptions/46b722da-1a2e-43da-a28e-95a52c21a5ed/resourceGroups/myPlanForEPAM/providers/Microsoft.ManagedIdentity/userAssignedIdentities/registry-uai",
            "location": "westeurope",
            "name": "registry-uai",
            "principal_id": "93ca3e06-53ea-46be-90e2-5855d04f03d7",
            "resource_group_name": "myPlanForEPAM",
            "tags": null,
            "tenant_id": "b41b72d0-4e9f-4c26-8a69-f949f367c91d",
            "timeouts": null
          },
          "sensitive_attributes": [],
          "private": "eyJlMmJmYjczMC1lY2FhLTExZTYtOGY4OC0zNDM2M2JjN2M0YzAiOnsiY3JlYXRlIjoxODAwMDAwMDAwMDAwLCJkZWxldGUiOjE4MDAwMDAwMDAwMDAsInJlYWQiOjMwMDAwMDAwMDAwMCwidXBkYXRlIjoxODAwMDAwMDAwMDAwfSwic2NoZW1hX3ZlcnNpb24iOiIxIn0=",
          "dependencies": [
            "module.resource_group.azurerm_resource_group.myresgroup"
          ]
        }
      ]
    },
    {
      "module": "module.resource_group",
      "mode": "managed",
      "type": "azurerm_resource_group",
      "name": "myresgroup",
      "provider": "provider[\"registry.terraform.io/hashicorp/azurerm\"]",
      "instances": [
        {
          "schema_version": 0,
          "attributes": {
            "id": "/subscriptions/46b722da-1a2e-43da-a28e-95a52c21a5ed/resourceGroups/myPlanForEPAM",
            "location": "westeurope",
            "name": "myPlanForEPAM",
            "tags": null,
            "timeouts": null
          },
          "sensitive_attributes": [],
          "private": "eyJlMmJmYjczMC1lY2FhLTExZTYtOGY4OC0zNDM2M2JjN2M0YzAiOnsiY3JlYXRlIjo1NDAwMDAwMDAwMDAwLCJkZWxldGUiOjU0MDAwMDAwMDAwMDAsInJlYWQiOjMwMDAwMDAwMDAwMCwidXBkYXRlIjo1NDAwMDAwMDAwMDAwfX0="
        }
      ]
    }
  ]
}
